
Microsoft Visual Studio Solution File, Format Version 12.00
# Visual Studio 2013
VisualStudioVersion = 12.0.30723.0
MinimumVisualStudioVersion = 10.0.40219.1
Project("{8BC9CEB8-8B4A-11D0-8D11-00A0C91BC942}") = "OOP 2014-10-21", "OOP 2014-10-21\OOP 2014-10-21.vcxproj", "{593EB61F-F8EB-4893-8AA2-072BEFF7BAAF}"
EndProject
Global
	GlobalSection(SolutionConfigurationPlatforms) = preSolution
		Debug|Win32 = Debug|Win32
		Release|Win32 = Release|Win32
	EndGlobalSection
	GlobalSection(ProjectConfigurationPlatforms) = postSolution
		{593EB61F-F8EB-4893-8AA2-072BEFF7BAAF}.Debug|Win32.ActiveCfg = Debug|Win32
		{593EB61F-F8EB-4893-8AA2-072BEFF7BAAF}.Debug|Win32.Build.0 = Debug|Win32
		{593EB61F-F8EB-4893-8AA2-072BEFF7BAAF}.Release|Win32.ActiveCfg = Release|Win32
		{593EB61F-F8EB-4893-8AA2-072BEFF7BAAF}.Release|Win32.Build.0 = Release|Win32
	EndGlobalSection
	GlobalSection(SolutionProperties) = preSolution
		HideSolutionNode = FALSE
	EndGlobalSection
EndGlobal
